
Microsoft Visual Studio Solution File, Format Version 12.00
# Visual Studio Version 16
VisualStudioVersion = 16.0.30907.101
MinimumVisualStudioVersion = 10.0.40219.1
Project("{9A19103F-16F7-4668-BE54-9A1E7A4F7556}") = "OOP1", "OOP1\OOP1.csproj", "{64A0A157-6F6B-40CD-8D64-43B7AE1670BC}"
EndProject
Project("{9A19103F-16F7-4668-BE54-9A1E7A4F7556}") = "Koleksiyonlar", "Koleksiyonlar\Koleksiyonlar.csproj", "{CE2C6D92-A50B-44FC-BFE5-BBCE212CD01E}"
EndProject
Project("{FAE04EC0-301F-11D3-BF4B-00C04F79EFBC}") = "GenericsIntro", "GenericsIntro\GenericsIntro.csproj", "{41A78587-5962-43F6-96C5-29F30C5526F4}"
EndProject
Project("{FAE04EC0-301F-11D3-BF4B-00C04F79EFBC}") = "Constructors", "ReferenceTypes\Constructors.csproj", "{C32D94B5-1D8A-431D-BE88-7B8C14A05957}"
EndProject
Project("{FAE04EC0-301F-11D3-BF4B-00C04F79EFBC}") = "Generics", "Generics\Generics.csproj", "{E759660D-1607-422F-A966-00EF76462A0B}"
EndProject
Project("{FAE04EC0-301F-11D3-BF4B-00C04F79EFBC}") = "Dictionary", "Dictionary\Dictionary.csproj", "{7B8207AE-EE2E-46B8-A76C-0AE687A90198}"
EndProject
Global
	GlobalSection(SolutionConfigurationPlatforms) = preSolution
		Debug|Any CPU = Debug|Any CPU
		Release|Any CPU = Release|Any CPU
	EndGlobalSection
	GlobalSection(ProjectConfigurationPlatforms) = postSolution
		{64A0A157-6F6B-40CD-8D64-43B7AE1670BC}.Debug|Any CPU.ActiveCfg = Debug|Any CPU
		{64A0A157-6F6B-40CD-8D64-43B7AE1670BC}.Debug|Any CPU.Build.0 = Debug|Any CPU
		{64A0A157-6F6B-40CD-8D64-43B7AE1670BC}.Release|Any CPU.ActiveCfg = Release|Any CPU
		{64A0A157-6F6B-40CD-8D64-43B7AE1670BC}.Release|Any CPU.Build.0 = Release|Any CPU
		{CE2C6D92-A50B-44FC-BFE5-BBCE212CD01E}.Debug|Any CPU.ActiveCfg = Debug|Any CPU
		{CE2C6D92-A50B-44FC-BFE5-BBCE212CD01E}.Debug|Any CPU.Build.0 = Debug|Any CPU
		{CE2C6D92-A50B-44FC-BFE5-BBCE212CD01E}.Release|Any CPU.ActiveCfg = Release|Any CPU
		{CE2C6D92-A50B-44FC-BFE5-BBCE212CD01E}.Release|Any CPU.Build.0 = Release|Any CPU
		{41A78587-5962-43F6-96C5-29F30C5526F4}.Debug|Any CPU.ActiveCfg = Debug|Any CPU
		{41A78587-5962-43F6-96C5-29F30C5526F4}.Debug|Any CPU.Build.0 = Debug|Any CPU
		{41A78587-5962-43F6-96C5-29F30C5526F4}.Release|Any CPU.ActiveCfg = Release|Any CPU
		{41A78587-5962-43F6-96C5-29F30C5526F4}.Release|Any CPU.Build.0 = Release|Any CPU
		{C32D94B5-1D8A-431D-BE88-7B8C14A05957}.Debug|Any CPU.ActiveCfg = Debug|Any CPU
		{C32D94B5-1D8A-431D-BE88-7B8C14A05957}.Debug|Any CPU.Build.0 = Debug|Any CPU
		{C32D94B5-1D8A-431D-BE88-7B8C14A05957}.Release|Any CPU.ActiveCfg = Release|Any CPU
		{C32D94B5-1D8A-431D-BE88-7B8C14A05957}.Release|Any CPU.Build.0 = Release|Any CPU
		{E759660D-1607-422F-A966-00EF76462A0B}.Debug|Any CPU.ActiveCfg = Debug|Any CPU
		{E759660D-1607-422F-A966-00EF76462A0B}.Debug|Any CPU.Build.0 = Debug|Any CPU
		{E759660D-1607-422F-A966-00EF76462A0B}.Release|Any CPU.ActiveCfg = Release|Any CPU
		{E759660D-1607-422F-A966-00EF76462A0B}.Release|Any CPU.Build.0 = Release|Any CPU
		{7B8207AE-EE2E-46B8-A76C-0AE687A90198}.Debug|Any CPU.ActiveCfg = Debug|Any CPU
		{7B8207AE-EE2E-46B8-A76C-0AE687A90198}.Debug|Any CPU.Build.0 = Debug|Any CPU
		{7B8207AE-EE2E-46B8-A76C-0AE687A90198}.Release|Any CPU.ActiveCfg = Release|Any CPU
		{7B8207AE-EE2E-46B8-A76C-0AE687A90198}.Release|Any CPU.Build.0 = Release|Any CPU
	EndGlobalSection
	GlobalSection(SolutionProperties) = preSolution
		HideSolutionNode = FALSE
	EndGlobalSection
	GlobalSection(ExtensibilityGlobals) = postSolution
		SolutionGuid = {62C0372F-FC51-47F2-93FB-196C41C566FA}
	EndGlobalSection
EndGlobal
